
Microsoft Visual Studio Solution File, Format Version 12.00
# Visual Studio 15
VisualStudioVersion = 15.0.28307.1684
MinimumVisualStudioVersion = 10.0.40219.1
Project("{FAE04EC0-301F-11D3-BF4B-00C04F79EFBC}") = "ClothBazar.Web", "ClothBazar.Web\ClothBazar.Web.csproj", "{CC8EB495-762C-4A0A-8FA7-F2E6D62FF971}"
EndProject
Project("{FAE04EC0-301F-11D3-BF4B-00C04F79EFBC}") = "ClothBazar.Entities", "ClothBazar.Entities\ClothBazar.Entities.csproj", "{C7E62974-CDC0-4E52-AF21-788E8B5B52E0}"
EndProject
Project("{FAE04EC0-301F-11D3-BF4B-00C04F79EFBC}") = "ClothBazar.Database", "ClothBazar.Database\ClothBazar.Database.csproj", "{32868D1A-F152-40CE-A4B3-A18545CF0BBF}"
EndProject
Project("{FAE04EC0-301F-11D3-BF4B-00C04F79EFBC}") = "ClothBazar.Services", "ClothBazar.Services\ClothBazar.Services.csproj", "{685BA92E-576C-48A0-8CAA-A3D8D8EA1791}"
EndProject
Global
	GlobalSection(SolutionConfigurationPlatforms) = preSolution
		Debug|Any CPU = Debug|Any CPU
		Release|Any CPU = Release|Any CPU
	EndGlobalSection
	GlobalSection(ProjectConfigurationPlatforms) = postSolution
		{CC8EB495-762C-4A0A-8FA7-F2E6D62FF971}.Debug|Any CPU.ActiveCfg = Debug|Any CPU
		{CC8EB495-762C-4A0A-8FA7-F2E6D62FF971}.Debug|Any CPU.Build.0 = Debug|Any CPU
		{CC8EB495-762C-4A0A-8FA7-F2E6D62FF971}.Release|Any CPU.ActiveCfg = Release|Any CPU
		{CC8EB495-762C-4A0A-8FA7-F2E6D62FF971}.Release|Any CPU.Build.0 = Release|Any CPU
		{C7E62974-CDC0-4E52-AF21-788E8B5B52E0}.Debug|Any CPU.ActiveCfg = Debug|Any CPU
		{C7E62974-CDC0-4E52-AF21-788E8B5B52E0}.Debug|Any CPU.Build.0 = Debug|Any CPU
		{C7E62974-CDC0-4E52-AF21-788E8B5B52E0}.Release|Any CPU.ActiveCfg = Release|Any CPU
		{C7E62974-CDC0-4E52-AF21-788E8B5B52E0}.Release|Any CPU.Build.0 = Release|Any CPU
		{32868D1A-F152-40CE-A4B3-A18545CF0BBF}.Debug|Any CPU.ActiveCfg = Debug|Any CPU
		{32868D1A-F152-40CE-A4B3-A18545CF0BBF}.Debug|Any CPU.Build.0 = Debug|Any CPU
		{32868D1A-F152-40CE-A4B3-A18545CF0BBF}.Release|Any CPU.ActiveCfg = Release|Any CPU
		{32868D1A-F152-40CE-A4B3-A18545CF0BBF}.Release|Any CPU.Build.0 = Release|Any CPU
		{685BA92E-576C-48A0-8CAA-A3D8D8EA1791}.Debug|Any CPU.ActiveCfg = Debug|Any CPU
		{685BA92E-576C-48A0-8CAA-A3D8D8EA1791}.Debug|Any CPU.Build.0 = Debug|Any CPU
		{685BA92E-576C-48A0-8CAA-A3D8D8EA1791}.Release|Any CPU.ActiveCfg = Release|Any CPU
		{685BA92E-576C-48A0-8CAA-A3D8D8EA1791}.Release|Any CPU.Build.0 = Release|Any CPU
	EndGlobalSection
	GlobalSection(SolutionProperties) = preSolution
		HideSolutionNode = FALSE
	EndGlobalSection
	GlobalSection(ExtensibilityGlobals) = postSolution
		SolutionGuid = {92893457-6087-4218-B690-907E6C25509C}
	EndGlobalSection
EndGlobal
